
Microsoft Visual Studio Solution File, Format Version 12.00
# Visual Studio Version 17
VisualStudioVersion = 17.5.33516.290
MinimumVisualStudioVersion = 10.0.40219.1
Project("{9A19103F-16F7-4668-BE54-9A1E7A4F7556}") = "ProjectStadium", "ProjectStadium\ProjectStadium.csproj", "{DF0DBBE9-4F6A-4442-88E5-0C03BEC8180F}"
EndProject
Project("{2150E333-8FDC-42A3-9474-1A3956D46DE8}") = "Stadium.Domain", "Stadium.Domain", "{348C1A5C-A283-41A5-B080-3C04520A606D}"
EndProject
Project("{2150E333-8FDC-42A3-9474-1A3956D46DE8}") = "Stadium.DAL", "Stadium.DAL", "{23E7C769-F2C4-49AF-B41D-6477D8DD97DC}"
EndProject
Project("{2150E333-8FDC-42A3-9474-1A3956D46DE8}") = "Stadium.BLL", "Stadium.BLL", "{FC40E466-BF37-40C3-814B-8853F2863E38}"
EndProject
Project("{9A19103F-16F7-4668-BE54-9A1E7A4F7556}") = "Domain", "Domain\Domain.csproj", "{745D6BF5-3C53-40D5-B7E0-CA3E2C88E460}"
EndProject
Project("{9A19103F-16F7-4668-BE54-9A1E7A4F7556}") = "DAL", "DAL\DAL.csproj", "{4CDBDE84-46BC-4268-A37F-A06923137FAA}"
EndProject
Project("{9A19103F-16F7-4668-BE54-9A1E7A4F7556}") = "BLL", "BLL\BLL.csproj", "{BE71DB57-623F-4F8C-8D1B-15C086CC8325}"
EndProject
Global
	GlobalSection(SolutionConfigurationPlatforms) = preSolution
		Debug|Any CPU = Debug|Any CPU
		Release|Any CPU = Release|Any CPU
	EndGlobalSection
	GlobalSection(ProjectConfigurationPlatforms) = postSolution
		{DF0DBBE9-4F6A-4442-88E5-0C03BEC8180F}.Debug|Any CPU.ActiveCfg = Debug|Any CPU
		{DF0DBBE9-4F6A-4442-88E5-0C03BEC8180F}.Debug|Any CPU.Build.0 = Debug|Any CPU
		{DF0DBBE9-4F6A-4442-88E5-0C03BEC8180F}.Release|Any CPU.ActiveCfg = Release|Any CPU
		{DF0DBBE9-4F6A-4442-88E5-0C03BEC8180F}.Release|Any CPU.Build.0 = Release|Any CPU
		{745D6BF5-3C53-40D5-B7E0-CA3E2C88E460}.Debug|Any CPU.ActiveCfg = Debug|Any CPU
		{745D6BF5-3C53-40D5-B7E0-CA3E2C88E460}.Debug|Any CPU.Build.0 = Debug|Any CPU
		{745D6BF5-3C53-40D5-B7E0-CA3E2C88E460}.Release|Any CPU.ActiveCfg = Release|Any CPU
		{745D6BF5-3C53-40D5-B7E0-CA3E2C88E460}.Release|Any CPU.Build.0 = Release|Any CPU
		{4CDBDE84-46BC-4268-A37F-A06923137FAA}.Debug|Any CPU.ActiveCfg = Debug|Any CPU
		{4CDBDE84-46BC-4268-A37F-A06923137FAA}.Debug|Any CPU.Build.0 = Debug|Any CPU
		{4CDBDE84-46BC-4268-A37F-A06923137FAA}.Release|Any CPU.ActiveCfg = Release|Any CPU
		{4CDBDE84-46BC-4268-A37F-A06923137FAA}.Release|Any CPU.Build.0 = Release|Any CPU
		{BE71DB57-623F-4F8C-8D1B-15C086CC8325}.Debug|Any CPU.ActiveCfg = Debug|Any CPU
		{BE71DB57-623F-4F8C-8D1B-15C086CC8325}.Debug|Any CPU.Build.0 = Debug|Any CPU
		{BE71DB57-623F-4F8C-8D1B-15C086CC8325}.Release|Any CPU.ActiveCfg = Release|Any CPU
		{BE71DB57-623F-4F8C-8D1B-15C086CC8325}.Release|Any CPU.Build.0 = Release|Any CPU
	EndGlobalSection
	GlobalSection(SolutionProperties) = preSolution
		HideSolutionNode = FALSE
	EndGlobalSection
	GlobalSection(NestedProjects) = preSolution
		{745D6BF5-3C53-40D5-B7E0-CA3E2C88E460} = {348C1A5C-A283-41A5-B080-3C04520A606D}
		{4CDBDE84-46BC-4268-A37F-A06923137FAA} = {23E7C769-F2C4-49AF-B41D-6477D8DD97DC}
		{BE71DB57-623F-4F8C-8D1B-15C086CC8325} = {FC40E466-BF37-40C3-814B-8853F2863E38}
	EndGlobalSection
	GlobalSection(ExtensibilityGlobals) = postSolution
		SolutionGuid = {3DDABCE4-9604-44DC-824B-C0EA68F0928E}
	EndGlobalSection
EndGlobal
